
Microsoft Visual Studio Solution File, Format Version 12.00
# Visual Studio Version 16
VisualStudioVersion = 16.0.30204.135
MinimumVisualStudioVersion = 10.0.40219.1
Project("{FAE04EC0-301F-11D3-BF4B-00C04F79EFBC}") = "IntegerDataTypes", "IntegerDataTypes\IntegerDataTypes.csproj", "{143DFEA9-F638-490B-A337-7B1E042B6594}"
EndProject
Global
	GlobalSection(SolutionConfigurationPlatforms) = preSolution
		Debug|Any CPU = Debug|Any CPU
		Release|Any CPU = Release|Any CPU
	EndGlobalSection
	GlobalSection(ProjectConfigurationPlatforms) = postSolution
		{143DFEA9-F638-490B-A337-7B1E042B6594}.Debug|Any CPU.ActiveCfg = Debug|Any CPU
		{143DFEA9-F638-490B-A337-7B1E042B6594}.Debug|Any CPU.Build.0 = Debug|Any CPU
		{143DFEA9-F638-490B-A337-7B1E042B6594}.Release|Any CPU.ActiveCfg = Release|Any CPU
		{143DFEA9-F638-490B-A337-7B1E042B6594}.Release|Any CPU.Build.0 = Release|Any CPU
	EndGlobalSection
	GlobalSection(SolutionProperties) = preSolution
		HideSolutionNode = FALSE
	EndGlobalSection
	GlobalSection(ExtensibilityGlobals) = postSolution
		SolutionGuid = {935556EF-DEE9-467C-85E7-E4CAD42E984E}
	EndGlobalSection
EndGlobal
